
Microsoft Visual Studio Solution File, Format Version 12.00
# Visual Studio Version 17
VisualStudioVersion = 17.8.34316.72
MinimumVisualStudioVersion = 10.0.40219.1
Project("{9092AA53-FB77-4645-B42D-1CCCA6BD08BD}") = "StrategyWatcher", "StrategyWatcher.njsproj", "{B3CC74B7-6F5C-4DB6-8169-433A2B7E7C06}"
EndProject
Global
	GlobalSection(SolutionConfigurationPlatforms) = preSolution
		Debug|Any CPU = Debug|Any CPU
		Release|Any CPU = Release|Any CPU
	EndGlobalSection
	GlobalSection(ProjectConfigurationPlatforms) = postSolution
		{B3CC74B7-6F5C-4DB6-8169-433A2B7E7C06}.Debug|Any CPU.ActiveCfg = Debug|Any CPU
		{B3CC74B7-6F5C-4DB6-8169-433A2B7E7C06}.Debug|Any CPU.Build.0 = Debug|Any CPU
		{B3CC74B7-6F5C-4DB6-8169-433A2B7E7C06}.Release|Any CPU.ActiveCfg = Release|Any CPU
		{B3CC74B7-6F5C-4DB6-8169-433A2B7E7C06}.Release|Any CPU.Build.0 = Release|Any CPU
	EndGlobalSection
	GlobalSection(SolutionProperties) = preSolution
		HideSolutionNode = FALSE
	EndGlobalSection
	GlobalSection(ExtensibilityGlobals) = postSolution
		SolutionGuid = {D7595ACC-D980-4BF2-A2A1-5BF4D57DA89E}
	EndGlobalSection
EndGlobal
