
Microsoft Visual Studio Solution File, Format Version 12.00
# Visual Studio Version 17
VisualStudioVersion = 17.8.34316.72
MinimumVisualStudioVersion = 10.0.40219.1
Project("{9092AA53-FB77-4645-B42D-1CCCA6BD08BD}") = "AdapterBridg", "AdapterBridg.njsproj", "{04F02F8A-94A1-4BDA-B35C-CC7D6E85FA25}"
EndProject
Global
	GlobalSection(SolutionConfigurationPlatforms) = preSolution
		Debug|Any CPU = Debug|Any CPU
		Release|Any CPU = Release|Any CPU
	EndGlobalSection
	GlobalSection(ProjectConfigurationPlatforms) = postSolution
		{04F02F8A-94A1-4BDA-B35C-CC7D6E85FA25}.Debug|Any CPU.ActiveCfg = Debug|Any CPU
		{04F02F8A-94A1-4BDA-B35C-CC7D6E85FA25}.Debug|Any CPU.Build.0 = Debug|Any CPU
		{04F02F8A-94A1-4BDA-B35C-CC7D6E85FA25}.Release|Any CPU.ActiveCfg = Release|Any CPU
		{04F02F8A-94A1-4BDA-B35C-CC7D6E85FA25}.Release|Any CPU.Build.0 = Release|Any CPU
	EndGlobalSection
	GlobalSection(SolutionProperties) = preSolution
		HideSolutionNode = FALSE
	EndGlobalSection
	GlobalSection(ExtensibilityGlobals) = postSolution
		SolutionGuid = {F0181DA1-35D9-43A7-9009-D7733C18B05F}
	EndGlobalSection
EndGlobal
